
Microsoft Visual Studio Solution File, Format Version 12.00
# Visual Studio Version 17
VisualStudioVersion = 17.3.32825.248
MinimumVisualStudioVersion = 10.0.40219.1
Project("{FAE04EC0-301F-11D3-BF4B-00C04F79EFBC}") = "3-1", "3-1\3-1.csproj", "{D8677968-CD53-4560-92A8-18F64045D15A}"
EndProject
Project("{FAE04EC0-301F-11D3-BF4B-00C04F79EFBC}") = "3-2", "3-2\3-2.csproj", "{A407C1CC-A626-410A-8961-9C1DF59FA353}"
EndProject
Project("{FAE04EC0-301F-11D3-BF4B-00C04F79EFBC}") = "3-3", "3-3\3-3.csproj", "{6FEA9A9E-7843-4C36-BE71-58CD219ADB8E}"
EndProject
Project("{FAE04EC0-301F-11D3-BF4B-00C04F79EFBC}") = "3-4", "3-4\3-4.csproj", "{C8AD36AF-0441-49F5-862F-7B34C982B0D2}"
EndProject
Project("{FAE04EC0-301F-11D3-BF4B-00C04F79EFBC}") = "3-5", "3-5\3-5.csproj", "{2A86BED5-F013-4573-82EB-F09101338BEE}"
EndProject
Global
	GlobalSection(SolutionConfigurationPlatforms) = preSolution
		Debug|Any CPU = Debug|Any CPU
		Release|Any CPU = Release|Any CPU
	EndGlobalSection
	GlobalSection(ProjectConfigurationPlatforms) = postSolution
		{D8677968-CD53-4560-92A8-18F64045D15A}.Debug|Any CPU.ActiveCfg = Debug|Any CPU
		{D8677968-CD53-4560-92A8-18F64045D15A}.Debug|Any CPU.Build.0 = Debug|Any CPU
		{D8677968-CD53-4560-92A8-18F64045D15A}.Release|Any CPU.ActiveCfg = Release|Any CPU
		{D8677968-CD53-4560-92A8-18F64045D15A}.Release|Any CPU.Build.0 = Release|Any CPU
		{A407C1CC-A626-410A-8961-9C1DF59FA353}.Debug|Any CPU.ActiveCfg = Debug|Any CPU
		{A407C1CC-A626-410A-8961-9C1DF59FA353}.Debug|Any CPU.Build.0 = Debug|Any CPU
		{A407C1CC-A626-410A-8961-9C1DF59FA353}.Release|Any CPU.ActiveCfg = Release|Any CPU
		{A407C1CC-A626-410A-8961-9C1DF59FA353}.Release|Any CPU.Build.0 = Release|Any CPU
		{6FEA9A9E-7843-4C36-BE71-58CD219ADB8E}.Debug|Any CPU.ActiveCfg = Debug|Any CPU
		{6FEA9A9E-7843-4C36-BE71-58CD219ADB8E}.Debug|Any CPU.Build.0 = Debug|Any CPU
		{6FEA9A9E-7843-4C36-BE71-58CD219ADB8E}.Release|Any CPU.ActiveCfg = Release|Any CPU
		{6FEA9A9E-7843-4C36-BE71-58CD219ADB8E}.Release|Any CPU.Build.0 = Release|Any CPU
		{C8AD36AF-0441-49F5-862F-7B34C982B0D2}.Debug|Any CPU.ActiveCfg = Debug|Any CPU
		{C8AD36AF-0441-49F5-862F-7B34C982B0D2}.Debug|Any CPU.Build.0 = Debug|Any CPU
		{C8AD36AF-0441-49F5-862F-7B34C982B0D2}.Release|Any CPU.ActiveCfg = Release|Any CPU
		{C8AD36AF-0441-49F5-862F-7B34C982B0D2}.Release|Any CPU.Build.0 = Release|Any CPU
		{2A86BED5-F013-4573-82EB-F09101338BEE}.Debug|Any CPU.ActiveCfg = Debug|Any CPU
		{2A86BED5-F013-4573-82EB-F09101338BEE}.Debug|Any CPU.Build.0 = Debug|Any CPU
		{2A86BED5-F013-4573-82EB-F09101338BEE}.Release|Any CPU.ActiveCfg = Release|Any CPU
		{2A86BED5-F013-4573-82EB-F09101338BEE}.Release|Any CPU.Build.0 = Release|Any CPU
	EndGlobalSection
	GlobalSection(SolutionProperties) = preSolution
		HideSolutionNode = FALSE
	EndGlobalSection
	GlobalSection(ExtensibilityGlobals) = postSolution
		SolutionGuid = {9A015FCA-3324-45EC-810C-AFCF49C43E9D}
	EndGlobalSection
EndGlobal
