
Microsoft Visual Studio Solution File, Format Version 12.00
# Visual Studio Version 17
VisualStudioVersion = 17.3.32825.248
MinimumVisualStudioVersion = 10.0.40219.1
Project("{9A19103F-16F7-4668-BE54-9A1E7A4F7556}") = "3-1", "3-1\3-1.csproj", "{D8677968-CD53-4560-92A8-18F64045D15A}"
EndProject
Project("{9A19103F-16F7-4668-BE54-9A1E7A4F7556}") = "3-2", "3-2\3-2.csproj", "{A407C1CC-A626-410A-8961-9C1DF59FA353}"
EndProject
Project("{9A19103F-16F7-4668-BE54-9A1E7A4F7556}") = "3-3", "3-3\3-3.csproj", "{6FEA9A9E-7843-4C36-BE71-58CD219ADB8E}"
EndProject
Project("{9A19103F-16F7-4668-BE54-9A1E7A4F7556}") = "3-4", "3-4\3-4.csproj", "{C8AD36AF-0441-49F5-862F-7B34C982B0D2}"
EndProject
Project("{9A19103F-16F7-4668-BE54-9A1E7A4F7556}") = "3-5", "3-5\3-5.csproj", "{2A86BED5-F013-4573-82EB-F09101338BEE}"
EndProject
Project("{9A19103F-16F7-4668-BE54-9A1E7A4F7556}") = "3-6", "3-6\3-6.csproj", "{D6CB45FE-EFB3-4268-9C4C-6E90DA63DBAC}"
EndProject
Project("{9A19103F-16F7-4668-BE54-9A1E7A4F7556}") = "3-7", "3-7\3-7.csproj", "{CEE498A8-0A85-4452-A25B-D518A6C5F191}"
EndProject
Project("{9A19103F-16F7-4668-BE54-9A1E7A4F7556}") = "3-8", "3-8\3-8.csproj", "{4DACBB13-F25D-40EE-8837-B69558A60881}"
EndProject
Project("{9A19103F-16F7-4668-BE54-9A1E7A4F7556}") = "3-9", "3-9\3-9.csproj", "{6F124182-74B2-470A-AFC8-6FC665666DAC}"
EndProject
Project("{9A19103F-16F7-4668-BE54-9A1E7A4F7556}") = "3-10", "3-10\3-10.csproj", "{F1C8C40B-1A19-4018-B690-87A2A85D1F44}"
EndProject
Project("{9A19103F-16F7-4668-BE54-9A1E7A4F7556}") = "3-11", "3-11\3-11.csproj", "{6B173B70-9891-4089-8475-EA02F774B045}"
EndProject
Project("{9A19103F-16F7-4668-BE54-9A1E7A4F7556}") = "3-12", "3-12\3-12.csproj", "{B44CCE66-F3A8-4AD5-8B3E-779AA7CE98DF}"
EndProject
Project("{9A19103F-16F7-4668-BE54-9A1E7A4F7556}") = "3-13", "3-13\3-13.csproj", "{474C6194-C2BD-488B-818D-CB96AFC602D5}"
EndProject
Project("{FAE04EC0-301F-11D3-BF4B-00C04F79EFBC}") = "3-14", "3-14\3-14.csproj", "{8A4FC2E6-B9FD-45BE-8093-B60C04D63448}"
EndProject
Project("{FAE04EC0-301F-11D3-BF4B-00C04F79EFBC}") = "3-15", "3-15\3-15.csproj", "{C147F0B8-E725-40E5-9664-24296C498E71}"
EndProject
Global
	GlobalSection(SolutionConfigurationPlatforms) = preSolution
		Debug|Any CPU = Debug|Any CPU
		Release|Any CPU = Release|Any CPU
	EndGlobalSection
	GlobalSection(ProjectConfigurationPlatforms) = postSolution
		{D8677968-CD53-4560-92A8-18F64045D15A}.Debug|Any CPU.ActiveCfg = Debug|Any CPU
		{D8677968-CD53-4560-92A8-18F64045D15A}.Debug|Any CPU.Build.0 = Debug|Any CPU
		{D8677968-CD53-4560-92A8-18F64045D15A}.Release|Any CPU.ActiveCfg = Release|Any CPU
		{D8677968-CD53-4560-92A8-18F64045D15A}.Release|Any CPU.Build.0 = Release|Any CPU
		{A407C1CC-A626-410A-8961-9C1DF59FA353}.Debug|Any CPU.ActiveCfg = Debug|Any CPU
		{A407C1CC-A626-410A-8961-9C1DF59FA353}.Debug|Any CPU.Build.0 = Debug|Any CPU
		{A407C1CC-A626-410A-8961-9C1DF59FA353}.Release|Any CPU.ActiveCfg = Release|Any CPU
		{A407C1CC-A626-410A-8961-9C1DF59FA353}.Release|Any CPU.Build.0 = Release|Any CPU
		{6FEA9A9E-7843-4C36-BE71-58CD219ADB8E}.Debug|Any CPU.ActiveCfg = Debug|Any CPU
		{6FEA9A9E-7843-4C36-BE71-58CD219ADB8E}.Debug|Any CPU.Build.0 = Debug|Any CPU
		{6FEA9A9E-7843-4C36-BE71-58CD219ADB8E}.Release|Any CPU.ActiveCfg = Release|Any CPU
		{6FEA9A9E-7843-4C36-BE71-58CD219ADB8E}.Release|Any CPU.Build.0 = Release|Any CPU
		{C8AD36AF-0441-49F5-862F-7B34C982B0D2}.Debug|Any CPU.ActiveCfg = Debug|Any CPU
		{C8AD36AF-0441-49F5-862F-7B34C982B0D2}.Debug|Any CPU.Build.0 = Debug|Any CPU
		{C8AD36AF-0441-49F5-862F-7B34C982B0D2}.Release|Any CPU.ActiveCfg = Release|Any CPU
		{C8AD36AF-0441-49F5-862F-7B34C982B0D2}.Release|Any CPU.Build.0 = Release|Any CPU
		{2A86BED5-F013-4573-82EB-F09101338BEE}.Debug|Any CPU.ActiveCfg = Debug|Any CPU
		{2A86BED5-F013-4573-82EB-F09101338BEE}.Debug|Any CPU.Build.0 = Debug|Any CPU
		{2A86BED5-F013-4573-82EB-F09101338BEE}.Release|Any CPU.ActiveCfg = Release|Any CPU
		{2A86BED5-F013-4573-82EB-F09101338BEE}.Release|Any CPU.Build.0 = Release|Any CPU
		{D6CB45FE-EFB3-4268-9C4C-6E90DA63DBAC}.Debug|Any CPU.ActiveCfg = Debug|Any CPU
		{D6CB45FE-EFB3-4268-9C4C-6E90DA63DBAC}.Debug|Any CPU.Build.0 = Debug|Any CPU
		{D6CB45FE-EFB3-4268-9C4C-6E90DA63DBAC}.Release|Any CPU.ActiveCfg = Release|Any CPU
		{D6CB45FE-EFB3-4268-9C4C-6E90DA63DBAC}.Release|Any CPU.Build.0 = Release|Any CPU
		{CEE498A8-0A85-4452-A25B-D518A6C5F191}.Debug|Any CPU.ActiveCfg = Debug|Any CPU
		{CEE498A8-0A85-4452-A25B-D518A6C5F191}.Debug|Any CPU.Build.0 = Debug|Any CPU
		{CEE498A8-0A85-4452-A25B-D518A6C5F191}.Release|Any CPU.ActiveCfg = Release|Any CPU
		{CEE498A8-0A85-4452-A25B-D518A6C5F191}.Release|Any CPU.Build.0 = Release|Any CPU
		{4DACBB13-F25D-40EE-8837-B69558A60881}.Debug|Any CPU.ActiveCfg = Debug|Any CPU
		{4DACBB13-F25D-40EE-8837-B69558A60881}.Debug|Any CPU.Build.0 = Debug|Any CPU
		{4DACBB13-F25D-40EE-8837-B69558A60881}.Release|Any CPU.ActiveCfg = Release|Any CPU
		{4DACBB13-F25D-40EE-8837-B69558A60881}.Release|Any CPU.Build.0 = Release|Any CPU
		{6F124182-74B2-470A-AFC8-6FC665666DAC}.Debug|Any CPU.ActiveCfg = Debug|Any CPU
		{6F124182-74B2-470A-AFC8-6FC665666DAC}.Debug|Any CPU.Build.0 = Debug|Any CPU
		{6F124182-74B2-470A-AFC8-6FC665666DAC}.Release|Any CPU.ActiveCfg = Release|Any CPU
		{6F124182-74B2-470A-AFC8-6FC665666DAC}.Release|Any CPU.Build.0 = Release|Any CPU
		{F1C8C40B-1A19-4018-B690-87A2A85D1F44}.Debug|Any CPU.ActiveCfg = Debug|Any CPU
		{F1C8C40B-1A19-4018-B690-87A2A85D1F44}.Debug|Any CPU.Build.0 = Debug|Any CPU
		{F1C8C40B-1A19-4018-B690-87A2A85D1F44}.Release|Any CPU.ActiveCfg = Release|Any CPU
		{F1C8C40B-1A19-4018-B690-87A2A85D1F44}.Release|Any CPU.Build.0 = Release|Any CPU
		{6B173B70-9891-4089-8475-EA02F774B045}.Debug|Any CPU.ActiveCfg = Debug|Any CPU
		{6B173B70-9891-4089-8475-EA02F774B045}.Debug|Any CPU.Build.0 = Debug|Any CPU
		{6B173B70-9891-4089-8475-EA02F774B045}.Release|Any CPU.ActiveCfg = Release|Any CPU
		{6B173B70-9891-4089-8475-EA02F774B045}.Release|Any CPU.Build.0 = Release|Any CPU
		{B44CCE66-F3A8-4AD5-8B3E-779AA7CE98DF}.Debug|Any CPU.ActiveCfg = Debug|Any CPU
		{B44CCE66-F3A8-4AD5-8B3E-779AA7CE98DF}.Debug|Any CPU.Build.0 = Debug|Any CPU
		{B44CCE66-F3A8-4AD5-8B3E-779AA7CE98DF}.Release|Any CPU.ActiveCfg = Release|Any CPU
		{B44CCE66-F3A8-4AD5-8B3E-779AA7CE98DF}.Release|Any CPU.Build.0 = Release|Any CPU
		{474C6194-C2BD-488B-818D-CB96AFC602D5}.Debug|Any CPU.ActiveCfg = Debug|Any CPU
		{474C6194-C2BD-488B-818D-CB96AFC602D5}.Debug|Any CPU.Build.0 = Debug|Any CPU
		{474C6194-C2BD-488B-818D-CB96AFC602D5}.Release|Any CPU.ActiveCfg = Release|Any CPU
		{474C6194-C2BD-488B-818D-CB96AFC602D5}.Release|Any CPU.Build.0 = Release|Any CPU
		{8A4FC2E6-B9FD-45BE-8093-B60C04D63448}.Debug|Any CPU.ActiveCfg = Debug|Any CPU
		{8A4FC2E6-B9FD-45BE-8093-B60C04D63448}.Debug|Any CPU.Build.0 = Debug|Any CPU
		{8A4FC2E6-B9FD-45BE-8093-B60C04D63448}.Release|Any CPU.ActiveCfg = Release|Any CPU
		{8A4FC2E6-B9FD-45BE-8093-B60C04D63448}.Release|Any CPU.Build.0 = Release|Any CPU
		{C147F0B8-E725-40E5-9664-24296C498E71}.Debug|Any CPU.ActiveCfg = Debug|Any CPU
		{C147F0B8-E725-40E5-9664-24296C498E71}.Debug|Any CPU.Build.0 = Debug|Any CPU
		{C147F0B8-E725-40E5-9664-24296C498E71}.Release|Any CPU.ActiveCfg = Release|Any CPU
		{C147F0B8-E725-40E5-9664-24296C498E71}.Release|Any CPU.Build.0 = Release|Any CPU
	EndGlobalSection
	GlobalSection(SolutionProperties) = preSolution
		HideSolutionNode = FALSE
	EndGlobalSection
	GlobalSection(ExtensibilityGlobals) = postSolution
		SolutionGuid = {9A015FCA-3324-45EC-810C-AFCF49C43E9D}
	EndGlobalSection
EndGlobal
